
Microsoft Visual Studio Solution File, Format Version 12.00
# Visual Studio Version 16
VisualStudioVersion = 16.0.30907.101
MinimumVisualStudioVersion = 10.0.40219.1
Project("{FAE04EC0-301F-11D3-BF4B-00C04F79EFBC}") = "Calc", "Calc.csproj", "{BCD54FEE-C971-424B-A93D-E9F2BBA01558}"
EndProject
Global
	GlobalSection(SolutionConfigurationPlatforms) = preSolution
		Debug|Any CPU = Debug|Any CPU
		Release|Any CPU = Release|Any CPU
	EndGlobalSection
	GlobalSection(ProjectConfigurationPlatforms) = postSolution
		{BCD54FEE-C971-424B-A93D-E9F2BBA01558}.Debug|Any CPU.ActiveCfg = Debug|Any CPU
		{BCD54FEE-C971-424B-A93D-E9F2BBA01558}.Debug|Any CPU.Build.0 = Debug|Any CPU
		{BCD54FEE-C971-424B-A93D-E9F2BBA01558}.Release|Any CPU.ActiveCfg = Release|Any CPU
		{BCD54FEE-C971-424B-A93D-E9F2BBA01558}.Release|Any CPU.Build.0 = Release|Any CPU
	EndGlobalSection
	GlobalSection(SolutionProperties) = preSolution
		HideSolutionNode = FALSE
	EndGlobalSection
	GlobalSection(ExtensibilityGlobals) = postSolution
		SolutionGuid = {E6657C3E-8C52-4209-97AC-64E0555E0960}
	EndGlobalSection
EndGlobal
